
Microsoft Visual Studio Solution File, Format Version 12.00
# Visual Studio 14
VisualStudioVersion = 14.0.25029.0
MinimumVisualStudioVersion = 10.0.40219.1
Project("{FAE04EC0-301F-11D3-BF4B-00C04F79EFBC}") = "SeleniumTutorials", "SeleniumTutorials\SeleniumTutorials.csproj", "{CA013719-BF7C-4AD3-8744-26BF44282560}"
EndProject
Project("{FAE04EC0-301F-11D3-BF4B-00C04F79EFBC}") = "SeleniumHelpers", "SeleniumHelpers\SeleniumHelpers.csproj", "{BA979F26-D404-45BB-9C5E-1317B7D00483}"
EndProject
Project("{FAE04EC0-301F-11D3-BF4B-00C04F79EFBC}") = "SeleniumExtensions", "SeleniumExtensions\SeleniumExtensions.csproj", "{7E66BA6C-8124-4FCF-9E1F-9CD6F9074677}"
EndProject
Global
	GlobalSection(SolutionConfigurationPlatforms) = preSolution
		Debug|Any CPU = Debug|Any CPU
		Release|Any CPU = Release|Any CPU
	EndGlobalSection
	GlobalSection(ProjectConfigurationPlatforms) = postSolution
		{CA013719-BF7C-4AD3-8744-26BF44282560}.Debug|Any CPU.ActiveCfg = Debug|Any CPU
		{CA013719-BF7C-4AD3-8744-26BF44282560}.Debug|Any CPU.Build.0 = Debug|Any CPU
		{CA013719-BF7C-4AD3-8744-26BF44282560}.Release|Any CPU.ActiveCfg = Release|Any CPU
		{CA013719-BF7C-4AD3-8744-26BF44282560}.Release|Any CPU.Build.0 = Release|Any CPU
		{BA979F26-D404-45BB-9C5E-1317B7D00483}.Debug|Any CPU.ActiveCfg = Debug|Any CPU
		{BA979F26-D404-45BB-9C5E-1317B7D00483}.Debug|Any CPU.Build.0 = Debug|Any CPU
		{BA979F26-D404-45BB-9C5E-1317B7D00483}.Release|Any CPU.ActiveCfg = Release|Any CPU
		{BA979F26-D404-45BB-9C5E-1317B7D00483}.Release|Any CPU.Build.0 = Release|Any CPU
		{7E66BA6C-8124-4FCF-9E1F-9CD6F9074677}.Debug|Any CPU.ActiveCfg = Debug|Any CPU
		{7E66BA6C-8124-4FCF-9E1F-9CD6F9074677}.Debug|Any CPU.Build.0 = Debug|Any CPU
		{7E66BA6C-8124-4FCF-9E1F-9CD6F9074677}.Release|Any CPU.ActiveCfg = Release|Any CPU
		{7E66BA6C-8124-4FCF-9E1F-9CD6F9074677}.Release|Any CPU.Build.0 = Release|Any CPU
	EndGlobalSection
	GlobalSection(SolutionProperties) = preSolution
		HideSolutionNode = FALSE
	EndGlobalSection
EndGlobal
